
Microsoft Visual Studio Solution File, Format Version 12.00
# Visual Studio 15
VisualStudioVersion = 15.0.27703.2042
MinimumVisualStudioVersion = 10.0.40219.1
Project("{FAE04EC0-301F-11D3-BF4B-00C04F79EFBC}") = "TechTest", "ConsoleApp2\TechTest.csproj", "{33244CE4-4B09-423F-A8AF-F678EF311CFA}"
EndProject
Global
	GlobalSection(SolutionConfigurationPlatforms) = preSolution
		Debug|Any CPU = Debug|Any CPU
		Release|Any CPU = Release|Any CPU
	EndGlobalSection
	GlobalSection(ProjectConfigurationPlatforms) = postSolution
		{33244CE4-4B09-423F-A8AF-F678EF311CFA}.Debug|Any CPU.ActiveCfg = Debug|Any CPU
		{33244CE4-4B09-423F-A8AF-F678EF311CFA}.Debug|Any CPU.Build.0 = Debug|Any CPU
		{33244CE4-4B09-423F-A8AF-F678EF311CFA}.Release|Any CPU.ActiveCfg = Release|Any CPU
		{33244CE4-4B09-423F-A8AF-F678EF311CFA}.Release|Any CPU.Build.0 = Release|Any CPU
	EndGlobalSection
	GlobalSection(SolutionProperties) = preSolution
		HideSolutionNode = FALSE
	EndGlobalSection
	GlobalSection(ExtensibilityGlobals) = postSolution
		SolutionGuid = {D21C34FA-96F7-4FDC-A781-7A9BA282795D}
	EndGlobalSection
EndGlobal
